// !$*UTF8*$!
{
	archiveVersion = 1;
	classes = {
	};
	objectVersion = 56;
	objects = {

/* Begin PBXBuildFile section */
		F13E8C1A2C2153A60088AB83 /* SwiftMaterialsApp.swift in Sources */ = {isa = PBXBuildFile; fileRef = F13E8C192C2153A60088AB83 /* SwiftMaterialsApp.swift */; };
		F13E8C1C2C2153A60088AB83 /* ContentView.swift in Sources */ = {isa = PBXBuildFile; fileRef = F13E8C1B2C2153A60088AB83 /* ContentView.swift */; };
		F13E8C1E2C2153A80088AB83 /* Assets.xcassets in Resources */ = {isa = PBXBuildFile; fileRef = F13E8C1D2C2153A80088AB83 /* Assets.xcassets */; };
		F13E8C212C2153A80088AB83 /* Preview Assets.xcassets in Resources */ = {isa = PBXBuildFile; fileRef = F13E8C202C2153A80088AB83 /* Preview Assets.xcassets */; };
		F13E8C282C2158DB0088AB83 /* DetailView.swift in Sources */ = {isa = PBXBuildFile; fileRef = F13E8C272C2158DB0088AB83 /* DetailView.swift */; };
		F13E8C2C2C21D1780088AB83 /* ListVeiw.swift in Sources */ = {isa = PBXBuildFile; fileRef = F13E8C2B2C21D1780088AB83 /* ListVeiw.swift */; };
		F13E8C2F2C22A0100088AB83 /* MTTextField.swift in Sources */ = {isa = PBXBuildFile; fileRef = F13E8C2E2C22A0100088AB83 /* MTTextField.swift */; };
		F13E8C362C22A0990088AB83 /* LoginView.swift in Sources */ = {isa = PBXBuildFile; fileRef = F13E8C352C22A0990088AB83 /* LoginView.swift */; };
		F13E8C382C22A0C90088AB83 /* Constant.swift in Sources */ = {isa = PBXBuildFile; fileRef = F13E8C372C22A0C90088AB83 /* Constant.swift */; };
		F13E8C432C22AFA50088AB83 /* HeaderView.swift in Sources */ = {isa = PBXBuildFile; fileRef = F13E8C422C22AFA50088AB83 /* HeaderView.swift */; };
		F13E8C462C22BBE70088AB83 /* RegisterView.swift in Sources */ = {isa = PBXBuildFile; fileRef = F13E8C452C22BBE70088AB83 /* RegisterView.swift */; };
		F13E8C482C22BF7A0088AB83 /* MTButton.swift in Sources */ = {isa = PBXBuildFile; fileRef = F13E8C472C22BF7A0088AB83 /* MTButton.swift */; };
		F13E8C4B2C22C1270088AB83 /* LoginViewModel.swift in Sources */ = {isa = PBXBuildFile; fileRef = F13E8C4A2C22C1270088AB83 /* LoginViewModel.swift */; };
		F13E8C4F2C22F48C0088AB83 /* PlayerViewModel.swift in Sources */ = {isa = PBXBuildFile; fileRef = F13E8C4E2C22F48C0088AB83 /* PlayerViewModel.swift */; };
		F13E8C512C22F4A00088AB83 /* Player.swift in Sources */ = {isa = PBXBuildFile; fileRef = F13E8C502C22F4A00088AB83 /* Player.swift */; };
		F13E8C542C22F8390088AB83 /* players.json in Resources */ = {isa = PBXBuildFile; fileRef = F13E8C532C22F8390088AB83 /* players.json */; };
		F13E8C562C22FCBB0088AB83 /* CircularImage.swift in Sources */ = {isa = PBXBuildFile; fileRef = F13E8C552C22FCBB0088AB83 /* CircularImage.swift */; };
		F13E8C582C22FDA90088AB83 /* RectangleImage.swift in Sources */ = {isa = PBXBuildFile; fileRef = F13E8C572C22FDA90088AB83 /* RectangleImage.swift */; };
/* End PBXBuildFile section */

/* Begin PBXFileReference section */
		F13E8C162C2153A60088AB83 /* SwiftMaterials.app */ = {isa = PBXFileReference; explicitFileType = wrapper.application; includeInIndex = 0; path = SwiftMaterials.app; sourceTree = BUILT_PRODUCTS_DIR; };
		F13E8C192C2153A60088AB83 /* SwiftMaterialsApp.swift */ = {isa = PBXFileReference; lastKnownFileType = sourcecode.swift; path = SwiftMaterialsApp.swift; sourceTree = "<group>"; };
		F13E8C1B2C2153A60088AB83 /* ContentView.swift */ = {isa = PBXFileReference; lastKnownFileType = sourcecode.swift; path = ContentView.swift; sourceTree = "<group>"; };
		F13E8C1D2C2153A80088AB83 /* Assets.xcassets */ = {isa = PBXFileReference; lastKnownFileType = folder.assetcatalog; path = Assets.xcassets; sourceTree = "<group>"; };
		F13E8C202C2153A80088AB83 /* Preview Assets.xcassets */ = {isa = PBXFileReference; lastKnownFileType = folder.assetcatalog; path = "Preview Assets.xcassets"; sourceTree = "<group>"; };
		F13E8C272C2158DB0088AB83 /* DetailView.swift */ = {isa = PBXFileReference; lastKnownFileType = sourcecode.swift; path = DetailView.swift; sourceTree = "<group>"; };
		F13E8C2B2C21D1780088AB83 /* ListVeiw.swift */ = {isa = PBXFileReference; lastKnownFileType = sourcecode.swift; path = ListVeiw.swift; sourceTree = "<group>"; };
		F13E8C2E2C22A0100088AB83 /* MTTextField.swift */ = {isa = PBXFileReference; lastKnownFileType = sourcecode.swift; path = MTTextField.swift; sourceTree = "<group>"; };
		F13E8C352C22A0990088AB83 /* LoginView.swift */ = {isa = PBXFileReference; lastKnownFileType = sourcecode.swift; path = LoginView.swift; sourceTree = "<group>"; };
		F13E8C372C22A0C90088AB83 /* Constant.swift */ = {isa = PBXFileReference; lastKnownFileType = sourcecode.swift; path = Constant.swift; sourceTree = "<group>"; };
		F13E8C422C22AFA50088AB83 /* HeaderView.swift */ = {isa = PBXFileReference; lastKnownFileType = sourcecode.swift; path = HeaderView.swift; sourceTree = "<group>"; };
		F13E8C452C22BBE70088AB83 /* RegisterView.swift */ = {isa = PBXFileReference; lastKnownFileType = sourcecode.swift; path = RegisterView.swift; sourceTree = "<group>"; };
		F13E8C472C22BF7A0088AB83 /* MTButton.swift */ = {isa = PBXFileReference; lastKnownFileType = sourcecode.swift; path = MTButton.swift; sourceTree = "<group>"; };
		F13E8C4A2C22C1270088AB83 /* LoginViewModel.swift */ = {isa = PBXFileReference; lastKnownFileType = sourcecode.swift; path = LoginViewModel.swift; sourceTree = "<group>"; };
		F13E8C4E2C22F48C0088AB83 /* PlayerViewModel.swift */ = {isa = PBXFileReference; lastKnownFileType = sourcecode.swift; path = PlayerViewModel.swift; sourceTree = "<group>"; };
		F13E8C502C22F4A00088AB83 /* Player.swift */ = {isa = PBXFileReference; lastKnownFileType = sourcecode.swift; path = Player.swift; sourceTree = "<group>"; };
		F13E8C532C22F8390088AB83 /* players.json */ = {isa = PBXFileReference; lastKnownFileType = text.json; path = players.json; sourceTree = "<group>"; };
		F13E8C552C22FCBB0088AB83 /* CircularImage.swift */ = {isa = PBXFileReference; lastKnownFileType = sourcecode.swift; path = CircularImage.swift; sourceTree = "<group>"; };
		F13E8C572C22FDA90088AB83 /* RectangleImage.swift */ = {isa = PBXFileReference; lastKnownFileType = sourcecode.swift; path = RectangleImage.swift; sourceTree = "<group>"; };
/* End PBXFileReference section */

/* Begin PBXFrameworksBuildPhase section */
		F13E8C132C2153A60088AB83 /* Frameworks */ = {
			isa = PBXFrameworksBuildPhase;
			buildActionMask = 2147483647;
			files = (
			);
			runOnlyForDeploymentPostprocessing = 0;
		};
/* End PBXFrameworksBuildPhase section */

/* Begin PBXGroup section */
		F13E8C0D2C2153A60088AB83 = {
			isa = PBXGroup;
			children = (
				F13E8C182C2153A60088AB83 /* SwiftMaterials */,
				F13E8C172C2153A60088AB83 /* Products */,
			);
			sourceTree = "<group>";
		};
		F13E8C172C2153A60088AB83 /* Products */ = {
			isa = PBXGroup;
			children = (
				F13E8C162C2153A60088AB83 /* SwiftMaterials.app */,
			);
			name = Products;
			sourceTree = "<group>";
		};
		F13E8C182C2153A60088AB83 /* SwiftMaterials */ = {
			isa = PBXGroup;
			children = (
				F13E8C4C2C22F4190088AB83 /* Resources */,
				F13E8C492C22C11A0088AB83 /* ViewModel */,
				F13E8C392C22A0DA0088AB83 /* Models */,
				F13E8C302C22A03D0088AB83 /* Module */,
				F13E8C2D2C229FFA0088AB83 /* Utills */,
				F13E8C192C2153A60088AB83 /* SwiftMaterialsApp.swift */,
				F13E8C1B2C2153A60088AB83 /* ContentView.swift */,
				F13E8C372C22A0C90088AB83 /* Constant.swift */,
				F13E8C1D2C2153A80088AB83 /* Assets.xcassets */,
				F13E8C1F2C2153A80088AB83 /* Preview Content */,
			);
			path = SwiftMaterials;
			sourceTree = "<group>";
		};
		F13E8C1F2C2153A80088AB83 /* Preview Content */ = {
			isa = PBXGroup;
			children = (
				F13E8C202C2153A80088AB83 /* Preview Assets.xcassets */,
			);
			path = "Preview Content";
			sourceTree = "<group>";
		};
		F13E8C2D2C229FFA0088AB83 /* Utills */ = {
			isa = PBXGroup;
			children = (
				F13E8C2E2C22A0100088AB83 /* MTTextField.swift */,
				F13E8C472C22BF7A0088AB83 /* MTButton.swift */,
				F13E8C552C22FCBB0088AB83 /* CircularImage.swift */,
				F13E8C572C22FDA90088AB83 /* RectangleImage.swift */,
			);
			path = Utills;
			sourceTree = "<group>";
		};
		F13E8C302C22A03D0088AB83 /* Module */ = {
			isa = PBXGroup;
			children = (
				F13E8C442C22BBDE0088AB83 /* RegisterView */,
				F13E8C342C22A0930088AB83 /* Login */,
				F13E8C332C22A05D0088AB83 /* DetailsView */,
				F13E8C322C22A0520088AB83 /* Views */,
				F13E8C312C22A0440088AB83 /* ListView */,
			);
			path = Module;
			sourceTree = "<group>";
		};
		F13E8C312C22A0440088AB83 /* ListView */ = {
			isa = PBXGroup;
			children = (
				F13E8C2B2C21D1780088AB83 /* ListVeiw.swift */,
			);
			path = ListView;
			sourceTree = "<group>";
		};
		F13E8C322C22A0520088AB83 /* Views */ = {
			isa = PBXGroup;
			children = (
			);
			path = Views;
			sourceTree = "<group>";
		};
		F13E8C332C22A05D0088AB83 /* DetailsView */ = {
			isa = PBXGroup;
			children = (
				F13E8C272C2158DB0088AB83 /* DetailView.swift */,
			);
			path = DetailsView;
			sourceTree = "<group>";
		};
		F13E8C342C22A0930088AB83 /* Login */ = {
			isa = PBXGroup;
			children = (
				F13E8C352C22A0990088AB83 /* LoginView.swift */,
				F13E8C422C22AFA50088AB83 /* HeaderView.swift */,
			);
			path = Login;
			sourceTree = "<group>";
		};
		F13E8C392C22A0DA0088AB83 /* Models */ = {
			isa = PBXGroup;
			children = (
				F13E8C502C22F4A00088AB83 /* Player.swift */,
			);
			path = Models;
			sourceTree = "<group>";
		};
		F13E8C442C22BBDE0088AB83 /* RegisterView */ = {
			isa = PBXGroup;
			children = (
				F13E8C452C22BBE70088AB83 /* RegisterView.swift */,
			);
			path = RegisterView;
			sourceTree = "<group>";
		};
		F13E8C492C22C11A0088AB83 /* ViewModel */ = {
			isa = PBXGroup;
			children = (
				F13E8C4A2C22C1270088AB83 /* LoginViewModel.swift */,
				F13E8C4E2C22F48C0088AB83 /* PlayerViewModel.swift */,
			);
			path = ViewModel;
			sourceTree = "<group>";
		};
		F13E8C4C2C22F4190088AB83 /* Resources */ = {
			isa = PBXGroup;
			children = (
				F13E8C532C22F8390088AB83 /* players.json */,
			);
			path = Resources;
			sourceTree = "<group>";
		};
/* End PBXGroup section */

/* Begin PBXNativeTarget section */
		F13E8C152C2153A60088AB83 /* SwiftMaterials */ = {
			isa = PBXNativeTarget;
			buildConfigurationList = F13E8C242C2153A80088AB83 /* Build configuration list for PBXNativeTarget "SwiftMaterials" */;
			buildPhases = (
				F13E8C122C2153A60088AB83 /* Sources */,
				F13E8C132C2153A60088AB83 /* Frameworks */,
				F13E8C142C2153A60088AB83 /* Resources */,
			);
			buildRules = (
			);
			dependencies = (
			);
			name = SwiftMaterials;
			productName = SwiftMaterials;
			productReference = F13E8C162C2153A60088AB83 /* SwiftMaterials.app */;
			productType = "com.apple.product-type.application";
		};
/* End PBXNativeTarget section */

/* Begin PBXProject section */
		F13E8C0E2C2153A60088AB83 /* Project object */ = {
			isa = PBXProject;
			attributes = {
				BuildIndependentTargetsInParallel = 1;
				LastSwiftUpdateCheck = 1540;
				LastUpgradeCheck = 1540;
				TargetAttributes = {
					F13E8C152C2153A60088AB83 = {
						CreatedOnToolsVersion = 15.4;
					};
				};
			};
			buildConfigurationList = F13E8C112C2153A60088AB83 /* Build configuration list for PBXProject "SwiftMaterials" */;
			compatibilityVersion = "Xcode 14.0";
			developmentRegion = en;
			hasScannedForEncodings = 0;
			knownRegions = (
				en,
				Base,
			);
			mainGroup = F13E8C0D2C2153A60088AB83;
			productRefGroup = F13E8C172C2153A60088AB83 /* Products */;
			projectDirPath = "";
			projectRoot = "";
			targets = (
				F13E8C152C2153A60088AB83 /* SwiftMaterials */,
			);
		};
/* End PBXProject section */

/* Begin PBXResourcesBuildPhase section */
		F13E8C142C2153A60088AB83 /* Resources */ = {
			isa = PBXResourcesBuildPhase;
			buildActionMask = 2147483647;
			files = (
				F13E8C542C22F8390088AB83 /* players.json in Resources */,
				F13E8C212C2153A80088AB83 /* Preview Assets.xcassets in Resources */,
				F13E8C1E2C2153A80088AB83 /* Assets.xcassets in Resources */,
			);
			runOnlyForDeploymentPostprocessing = 0;
		};
/* End PBXResourcesBuildPhase section */

/* Begin PBXSourcesBuildPhase section */
		F13E8C122C2153A60088AB83 /* Sources */ = {
			isa = PBXSourcesBuildPhase;
			buildActionMask = 2147483647;
			files = (
				F13E8C582C22FDA90088AB83 /* RectangleImage.swift in Sources */,
				F13E8C462C22BBE70088AB83 /* RegisterView.swift in Sources */,
				F13E8C4B2C22C1270088AB83 /* LoginViewModel.swift in Sources */,
				F13E8C562C22FCBB0088AB83 /* CircularImage.swift in Sources */,
				F13E8C282C2158DB0088AB83 /* DetailView.swift in Sources */,
				F13E8C362C22A0990088AB83 /* LoginView.swift in Sources */,
				F13E8C482C22BF7A0088AB83 /* MTButton.swift in Sources */,
				F13E8C382C22A0C90088AB83 /* Constant.swift in Sources */,
				F13E8C432C22AFA50088AB83 /* HeaderView.swift in Sources */,
				F13E8C1C2C2153A60088AB83 /* ContentView.swift in Sources */,
				F13E8C1A2C2153A60088AB83 /* SwiftMaterialsApp.swift in Sources */,
				F13E8C2F2C22A0100088AB83 /* MTTextField.swift in Sources */,
				F13E8C2C2C21D1780088AB83 /* ListVeiw.swift in Sources */,
				F13E8C512C22F4A00088AB83 /* Player.swift in Sources */,
				F13E8C4F2C22F48C0088AB83 /* PlayerViewModel.swift in Sources */,
			);
			runOnlyForDeploymentPostprocessing = 0;
		};
/* End PBXSourcesBuildPhase section */

/* Begin XCBuildConfiguration section */
		F13E8C222C2153A80088AB83 /* Debug */ = {
			isa = XCBuildConfiguration;
			buildSettings = {
				ALWAYS_SEARCH_USER_PATHS = NO;
				ASSETCATALOG_COMPILER_GENERATE_SWIFT_ASSET_SYMBOL_EXTENSIONS = YES;
				CLANG_ANALYZER_NONNULL = YES;
				CLANG_ANALYZER_NUMBER_OBJECT_CONVERSION = YES_AGGRESSIVE;
				CLANG_CXX_LANGUAGE_STANDARD = "gnu++20";
				CLANG_ENABLE_MODULES = YES;
				CLANG_ENABLE_OBJC_ARC = YES;
				CLANG_ENABLE_OBJC_WEAK = YES;
				CLANG_WARN_BLOCK_CAPTURE_AUTORELEASING = YES;
				CLANG_WARN_BOOL_CONVERSION = YES;
				CLANG_WARN_COMMA = YES;
				CLANG_WARN_CONSTANT_CONVERSION = YES;
				CLANG_WARN_DEPRECATED_OBJC_IMPLEMENTATIONS = YES;
				CLANG_WARN_DIRECT_OBJC_ISA_USAGE = YES_ERROR;
				CLANG_WARN_DOCUMENTATION_COMMENTS = YES;
				CLANG_WARN_EMPTY_BODY = YES;
				CLANG_WARN_ENUM_CONVERSION = YES;
				CLANG_WARN_INFINITE_RECURSION = YES;
				CLANG_WARN_INT_CONVERSION = YES;
				CLANG_WARN_NON_LITERAL_NULL_CONVERSION = YES;
				CLANG_WARN_OBJC_IMPLICIT_RETAIN_SELF = YES;
				CLANG_WARN_OBJC_LITERAL_CONVERSION = YES;
				CLANG_WARN_OBJC_ROOT_CLASS = YES_ERROR;
				CLANG_WARN_QUOTED_INCLUDE_IN_FRAMEWORK_HEADER = YES;
				CLANG_WARN_RANGE_LOOP_ANALYSIS = YES;
				CLANG_WARN_STRICT_PROTOTYPES = YES;
				CLANG_WARN_SUSPICIOUS_MOVE = YES;
				CLANG_WARN_UNGUARDED_AVAILABILITY = YES_AGGRESSIVE;
				CLANG_WARN_UNREACHABLE_CODE = YES;
				CLANG_WARN__DUPLICATE_METHOD_MATCH = YES;
				COPY_PHASE_STRIP = NO;
				DEBUG_INFORMATION_FORMAT = dwarf;
				ENABLE_STRICT_OBJC_MSGSEND = YES;
				ENABLE_TESTABILITY = YES;
				ENABLE_USER_SCRIPT_SANDBOXING = YES;
				GCC_C_LANGUAGE_STANDARD = gnu17;
				GCC_DYNAMIC_NO_PIC = NO;
				GCC_NO_COMMON_BLOCKS = YES;
				GCC_OPTIMIZATION_LEVEL = 0;
				GCC_PREPROCESSOR_DEFINITIONS = (
					"DEBUG=1",
					"$(inherited)",
				);
				GCC_WARN_64_TO_32_BIT_CONVERSION = YES;
				GCC_WARN_ABOUT_RETURN_TYPE = YES_ERROR;
				GCC_WARN_UNDECLARED_SELECTOR = YES;
				GCC_WARN_UNINITIALIZED_AUTOS = YES_AGGRESSIVE;
				GCC_WARN_UNUSED_FUNCTION = YES;
				GCC_WARN_UNUSED_VARIABLE = YES;
				IPHONEOS_DEPLOYMENT_TARGET = 17.5;
				LOCALIZATION_PREFERS_STRING_CATALOGS = YES;
				MTL_ENABLE_DEBUG_INFO = INCLUDE_SOURCE;
				MTL_FAST_MATH = YES;
				ONLY_ACTIVE_ARCH = YES;
				SDKROOT = iphoneos;
				SWIFT_ACTIVE_COMPILATION_CONDITIONS = "DEBUG $(inherited)";
				SWIFT_OPTIMIZATION_LEVEL = "-Onone";
			};
			name = Debug;
		};
		F13E8C232C2153A80088AB83 /* Release */ = {
			isa = XCBuildConfiguration;
			buildSettings = {
				ALWAYS_SEARCH_USER_PATHS = NO;
				ASSETCATALOG_COMPILER_GENERATE_SWIFT_ASSET_SYMBOL_EXTENSIONS = YES;
				CLANG_ANALYZER_NONNULL = YES;
				CLANG_ANALYZER_NUMBER_OBJECT_CONVERSION = YES_AGGRESSIVE;
				CLANG_CXX_LANGUAGE_STANDARD = "gnu++20";
				CLANG_ENABLE_MODULES = YES;
				CLANG_ENABLE_OBJC_ARC = YES;
				CLANG_ENABLE_OBJC_WEAK = YES;
				CLANG_WARN_BLOCK_CAPTURE_AUTORELEASING = YES;
				CLANG_WARN_BOOL_CONVERSION = YES;
				CLANG_WARN_COMMA = YES;
				CLANG_WARN_CONSTANT_CONVERSION = YES;
				CLANG_WARN_DEPRECATED_OBJC_IMPLEMENTATIONS = YES;
				CLANG_WARN_DIRECT_OBJC_ISA_USAGE = YES_ERROR;
				CLANG_WARN_DOCUMENTATION_COMMENTS = YES;
				CLANG_WARN_EMPTY_BODY = YES;
				CLANG_WARN_ENUM_CONVERSION = YES;
				CLANG_WARN_INFINITE_RECURSION = YES;
				CLANG_WARN_INT_CONVERSION = YES;
				CLANG_WARN_NON_LITERAL_NULL_CONVERSION = YES;
				CLANG_WARN_OBJC_IMPLICIT_RETAIN_SELF = YES;
				CLANG_WARN_OBJC_LITERAL_CONVERSION = YES;
				CLANG_WARN_OBJC_ROOT_CLASS = YES_ERROR;
				CLANG_WARN_QUOTED_INCLUDE_IN_FRAMEWORK_HEADER = YES;
				CLANG_WARN_RANGE_LOOP_ANALYSIS = YES;
				CLANG_WARN_STRICT_PROTOTYPES = YES;
				CLANG_WARN_SUSPICIOUS_MOVE = YES;
				CLANG_WARN_UNGUARDED_AVAILABILITY = YES_AGGRESSIVE;
				CLANG_WARN_UNREACHABLE_CODE = YES;
				CLANG_WARN__DUPLICATE_METHOD_MATCH = YES;
				COPY_PHASE_STRIP = NO;
				DEBUG_INFORMATION_FORMAT = "dwarf-with-dsym";
				ENABLE_NS_ASSERTIONS = NO;
				ENABLE_STRICT_OBJC_MSGSEND = YES;
				ENABLE_USER_SCRIPT_SANDBOXING = YES;
				GCC_C_LANGUAGE_STANDARD = gnu17;
				GCC_NO_COMMON_BLOCKS = YES;
				GCC_WARN_64_TO_32_BIT_CONVERSION = YES;
				GCC_WARN_ABOUT_RETURN_TYPE = YES_ERROR;
				GCC_WARN_UNDECLARED_SELECTOR = YES;
				GCC_WARN_UNINITIALIZED_AUTOS = YES_AGGRESSIVE;
				GCC_WARN_UNUSED_FUNCTION = YES;
				GCC_WARN_UNUSED_VARIABLE = YES;
				IPHONEOS_DEPLOYMENT_TARGET = 17.5;
				LOCALIZATION_PREFERS_STRING_CATALOGS = YES;
				MTL_ENABLE_DEBUG_INFO = NO;
				MTL_FAST_MATH = YES;
				SDKROOT = iphoneos;
				SWIFT_COMPILATION_MODE = wholemodule;
				VALIDATE_PRODUCT = YES;
			};
			name = Release;
		};
		F13E8C252C2153A80088AB83 /* Debug */ = {
			isa = XCBuildConfiguration;
			buildSettings = {
				ASSETCATALOG_COMPILER_APPICON_NAME = AppIcon;
				ASSETCATALOG_COMPILER_GLOBAL_ACCENT_COLOR_NAME = AccentColor;
				CODE_SIGN_STYLE = Automatic;
				CURRENT_PROJECT_VERSION = 1;
				DEVELOPMENT_ASSET_PATHS = "\"SwiftMaterials/Preview Content\"";
				ENABLE_PREVIEWS = YES;
				GENERATE_INFOPLIST_FILE = YES;
				INFOPLIST_KEY_UIApplicationSceneManifest_Generation = YES;
				INFOPLIST_KEY_UIApplicationSupportsIndirectInputEvents = YES;
				INFOPLIST_KEY_UILaunchScreen_Generation = YES;
				INFOPLIST_KEY_UISupportedInterfaceOrientations_iPad = "UIInterfaceOrientationPortrait UIInterfaceOrientationPortraitUpsideDown UIInterfaceOrientationLandscapeLeft UIInterfaceOrientationLandscapeRight";
				INFOPLIST_KEY_UISupportedInterfaceOrientations_iPhone = "UIInterfaceOrientationPortrait UIInterfaceOrientationLandscapeLeft UIInterfaceOrientationLandscapeRight";
				LD_RUNPATH_SEARCH_PATHS = (
					"$(inherited)",
					"@executable_path/Frameworks",
				);
				MARKETING_VERSION = 1.0;
				PRODUCT_BUNDLE_IDENTIFIER = com.app.SwiftMaterials;
				PRODUCT_NAME = "$(TARGET_NAME)";
				SWIFT_EMIT_LOC_STRINGS = YES;
				SWIFT_VERSION = 5.0;
				TARGETED_DEVICE_FAMILY = "1,2";
			};
			name = Debug;
		};
		F13E8C262C2153A80088AB83 /* Release */ = {
			isa = XCBuildConfiguration;
			buildSettings = {
				ASSETCATALOG_COMPILER_APPICON_NAME = AppIcon;
				ASSETCATALOG_COMPILER_GLOBAL_ACCENT_COLOR_NAME = AccentColor;
				CODE_SIGN_STYLE = Automatic;
				CURRENT_PROJECT_VERSION = 1;
				DEVELOPMENT_ASSET_PATHS = "\"SwiftMaterials/Preview Content\"";
				ENABLE_PREVIEWS = YES;
				GENERATE_INFOPLIST_FILE = YES;
				INFOPLIST_KEY_UIApplicationSceneManifest_Generation = YES;
				INFOPLIST_KEY_UIApplicationSupportsIndirectInputEvents = YES;
				INFOPLIST_KEY_UILaunchScreen_Generation = YES;
				INFOPLIST_KEY_UISupportedInterfaceOrientations_iPad = "UIInterfaceOrientationPortrait UIInterfaceOrientationPortraitUpsideDown UIInterfaceOrientationLandscapeLeft UIInterfaceOrientationLandscapeRight";
				INFOPLIST_KEY_UISupportedInterfaceOrientations_iPhone = "UIInterfaceOrientationPortrait UIInterfaceOrientationLandscapeLeft UIInterfaceOrientationLandscapeRight";
				LD_RUNPATH_SEARCH_PATHS = (
					"$(inherited)",
					"@executable_path/Frameworks",
				);
				MARKETING_VERSION = 1.0;
				PRODUCT_BUNDLE_IDENTIFIER = com.app.SwiftMaterials;
				PRODUCT_NAME = "$(TARGET_NAME)";
				SWIFT_EMIT_LOC_STRINGS = YES;
				SWIFT_VERSION = 5.0;
				TARGETED_DEVICE_FAMILY = "1,2";
			};
			name = Release;
		};
/* End XCBuildConfiguration section */

/* Begin XCConfigurationList section */
		F13E8C112C2153A60088AB83 /* Build configuration list for PBXProject "SwiftMaterials" */ = {
			isa = XCConfigurationList;
			buildConfigurations = (
				F13E8C222C2153A80088AB83 /* Debug */,
				F13E8C232C2153A80088AB83 /* Release */,
			);
			defaultConfigurationIsVisible = 0;
			defaultConfigurationName = Release;
		};
		F13E8C242C2153A80088AB83 /* Build configuration list for PBXNativeTarget "SwiftMaterials" */ = {
			isa = XCConfigurationList;
			buildConfigurations = (
				F13E8C252C2153A80088AB83 /* Debug */,
				F13E8C262C2153A80088AB83 /* Release */,
			);
			defaultConfigurationIsVisible = 0;
			defaultConfigurationName = Release;
		};
/* End XCConfigurationList section */
	};
	rootObject = F13E8C0E2C2153A60088AB83 /* Project object */;
}
